
Microsoft Visual Studio Solution File, Format Version 12.00
# Visual Studio 15
VisualStudioVersion = 15.0.26124.0
MinimumVisualStudioVersion = 15.0.26124.0
Project("{2150E333-8FDC-42A3-9474-1A3956D46DE8}") = "IdentityServer", "IdentityServer", "{8AC5DB17-35B2-4E29-95A9-875AE555DB59}"
EndProject
Project("{FAE04EC0-301F-11D3-BF4B-00C04F79EFBC}") = "Server", "IdentityServer\Server\Server.csproj", "{DA933D85-0B35-4E3E-A88E-1C9885A7E04B}"
EndProject
Project("{2150E333-8FDC-42A3-9474-1A3956D46DE8}") = "Resources", "Resources", "{0E4A2CF2-4A59-486A-900C-0F588A715E84}"
EndProject
Project("{FAE04EC0-301F-11D3-BF4B-00C04F79EFBC}") = "Api1", "Resources\Api1\Api1.csproj", "{B30117FF-19D2-4C2A-BE3D-D6805F03CB60}"
EndProject
Project("{2150E333-8FDC-42A3-9474-1A3956D46DE8}") = "Clients", "Clients", "{51CA2239-9E52-4E52-8405-90F2B35981AB}"
EndProject
Project("{FAE04EC0-301F-11D3-BF4B-00C04F79EFBC}") = "Client1", "Clients\mvc1\Client1.csproj", "{6D3897DC-1E60-42E8-8E6E-DBCA1EA7188A}"
EndProject
Global
	GlobalSection(SolutionConfigurationPlatforms) = preSolution
		Debug|Any CPU = Debug|Any CPU
		Debug|x64 = Debug|x64
		Debug|x86 = Debug|x86
		Release|Any CPU = Release|Any CPU
		Release|x64 = Release|x64
		Release|x86 = Release|x86
	EndGlobalSection
	GlobalSection(SolutionProperties) = preSolution
		HideSolutionNode = FALSE
	EndGlobalSection
	GlobalSection(ProjectConfigurationPlatforms) = postSolution
		{DA933D85-0B35-4E3E-A88E-1C9885A7E04B}.Debug|Any CPU.ActiveCfg = Debug|Any CPU
		{DA933D85-0B35-4E3E-A88E-1C9885A7E04B}.Debug|Any CPU.Build.0 = Debug|Any CPU
		{DA933D85-0B35-4E3E-A88E-1C9885A7E04B}.Debug|x64.ActiveCfg = Debug|Any CPU
		{DA933D85-0B35-4E3E-A88E-1C9885A7E04B}.Debug|x64.Build.0 = Debug|Any CPU
		{DA933D85-0B35-4E3E-A88E-1C9885A7E04B}.Debug|x86.ActiveCfg = Debug|Any CPU
		{DA933D85-0B35-4E3E-A88E-1C9885A7E04B}.Debug|x86.Build.0 = Debug|Any CPU
		{DA933D85-0B35-4E3E-A88E-1C9885A7E04B}.Release|Any CPU.ActiveCfg = Release|Any CPU
		{DA933D85-0B35-4E3E-A88E-1C9885A7E04B}.Release|Any CPU.Build.0 = Release|Any CPU
		{DA933D85-0B35-4E3E-A88E-1C9885A7E04B}.Release|x64.ActiveCfg = Release|Any CPU
		{DA933D85-0B35-4E3E-A88E-1C9885A7E04B}.Release|x64.Build.0 = Release|Any CPU
		{DA933D85-0B35-4E3E-A88E-1C9885A7E04B}.Release|x86.ActiveCfg = Release|Any CPU
		{DA933D85-0B35-4E3E-A88E-1C9885A7E04B}.Release|x86.Build.0 = Release|Any CPU
		{B30117FF-19D2-4C2A-BE3D-D6805F03CB60}.Debug|Any CPU.ActiveCfg = Debug|Any CPU
		{B30117FF-19D2-4C2A-BE3D-D6805F03CB60}.Debug|Any CPU.Build.0 = Debug|Any CPU
		{B30117FF-19D2-4C2A-BE3D-D6805F03CB60}.Debug|x64.ActiveCfg = Debug|Any CPU
		{B30117FF-19D2-4C2A-BE3D-D6805F03CB60}.Debug|x64.Build.0 = Debug|Any CPU
		{B30117FF-19D2-4C2A-BE3D-D6805F03CB60}.Debug|x86.ActiveCfg = Debug|Any CPU
		{B30117FF-19D2-4C2A-BE3D-D6805F03CB60}.Debug|x86.Build.0 = Debug|Any CPU
		{B30117FF-19D2-4C2A-BE3D-D6805F03CB60}.Release|Any CPU.ActiveCfg = Release|Any CPU
		{B30117FF-19D2-4C2A-BE3D-D6805F03CB60}.Release|Any CPU.Build.0 = Release|Any CPU
		{B30117FF-19D2-4C2A-BE3D-D6805F03CB60}.Release|x64.ActiveCfg = Release|Any CPU
		{B30117FF-19D2-4C2A-BE3D-D6805F03CB60}.Release|x64.Build.0 = Release|Any CPU
		{B30117FF-19D2-4C2A-BE3D-D6805F03CB60}.Release|x86.ActiveCfg = Release|Any CPU
		{B30117FF-19D2-4C2A-BE3D-D6805F03CB60}.Release|x86.Build.0 = Release|Any CPU
		{6D3897DC-1E60-42E8-8E6E-DBCA1EA7188A}.Debug|Any CPU.ActiveCfg = Debug|Any CPU
		{6D3897DC-1E60-42E8-8E6E-DBCA1EA7188A}.Debug|Any CPU.Build.0 = Debug|Any CPU
		{6D3897DC-1E60-42E8-8E6E-DBCA1EA7188A}.Debug|x64.ActiveCfg = Debug|Any CPU
		{6D3897DC-1E60-42E8-8E6E-DBCA1EA7188A}.Debug|x64.Build.0 = Debug|Any CPU
		{6D3897DC-1E60-42E8-8E6E-DBCA1EA7188A}.Debug|x86.ActiveCfg = Debug|Any CPU
		{6D3897DC-1E60-42E8-8E6E-DBCA1EA7188A}.Debug|x86.Build.0 = Debug|Any CPU
		{6D3897DC-1E60-42E8-8E6E-DBCA1EA7188A}.Release|Any CPU.ActiveCfg = Release|Any CPU
		{6D3897DC-1E60-42E8-8E6E-DBCA1EA7188A}.Release|Any CPU.Build.0 = Release|Any CPU
		{6D3897DC-1E60-42E8-8E6E-DBCA1EA7188A}.Release|x64.ActiveCfg = Release|Any CPU
		{6D3897DC-1E60-42E8-8E6E-DBCA1EA7188A}.Release|x64.Build.0 = Release|Any CPU
		{6D3897DC-1E60-42E8-8E6E-DBCA1EA7188A}.Release|x86.ActiveCfg = Release|Any CPU
		{6D3897DC-1E60-42E8-8E6E-DBCA1EA7188A}.Release|x86.Build.0 = Release|Any CPU
	EndGlobalSection
	GlobalSection(NestedProjects) = preSolution
		{DA933D85-0B35-4E3E-A88E-1C9885A7E04B} = {8AC5DB17-35B2-4E29-95A9-875AE555DB59}
		{B30117FF-19D2-4C2A-BE3D-D6805F03CB60} = {0E4A2CF2-4A59-486A-900C-0F588A715E84}
		{6D3897DC-1E60-42E8-8E6E-DBCA1EA7188A} = {51CA2239-9E52-4E52-8405-90F2B35981AB}
	EndGlobalSection
EndGlobal
